
Microsoft Visual Studio Solution File, Format Version 12.00
# Visual Studio 15
VisualStudioVersion = 15.0.27428.2043
MinimumVisualStudioVersion = 10.0.40219.1
Project("{FAE04EC0-301F-11D3-BF4B-00C04F79EFBC}") = "AIAgain", "AIAgain\AIAgain.csproj", "{D2114D1F-02A5-4187-8829-E894B406ED0D}"
EndProject
Global
	GlobalSection(SolutionConfigurationPlatforms) = preSolution
		Debug|Any CPU = Debug|Any CPU
		Release|Any CPU = Release|Any CPU
	EndGlobalSection
	GlobalSection(ProjectConfigurationPlatforms) = postSolution
		{D2114D1F-02A5-4187-8829-E894B406ED0D}.Debug|Any CPU.ActiveCfg = Debug|Any CPU
		{D2114D1F-02A5-4187-8829-E894B406ED0D}.Debug|Any CPU.Build.0 = Debug|Any CPU
		{D2114D1F-02A5-4187-8829-E894B406ED0D}.Release|Any CPU.ActiveCfg = Release|Any CPU
		{D2114D1F-02A5-4187-8829-E894B406ED0D}.Release|Any CPU.Build.0 = Release|Any CPU
	EndGlobalSection
	GlobalSection(SolutionProperties) = preSolution
		HideSolutionNode = FALSE
	EndGlobalSection
	GlobalSection(ExtensibilityGlobals) = postSolution
		SolutionGuid = {ED125B51-A53B-48E5-BE82-F46B526AA9B0}
	EndGlobalSection
EndGlobal
